
Microsoft Visual Studio Solution File, Format Version 12.00
# Visual Studio 14
VisualStudioVersion = 14.0.25420.1
MinimumVisualStudioVersion = 10.0.40219.1
Project("{FAE04EC0-301F-11D3-BF4B-00C04F79EFBC}") = "ComputerClient", "ComputerClient\ComputerClient.csproj", "{988D18ED-EF1A-4406-9615-15E07077B982}"
EndProject
Project("{2150E333-8FDC-42A3-9474-1A3956D46DE8}") = "Solution Items", "Solution Items", "{56A19236-4425-459A-BB6B-A92E14C9E83A}"
	ProjectSection(SolutionItems) = preProject
		.gitignore = .gitignore
		..\..\web_client\res\hunter.png = ..\..\web_client\res\hunter.png
		..\..\web_client\res\moron.png = ..\..\web_client\res\moron.png
		..\..\web_client\res\seer.png = ..\..\web_client\res\seer.png
		..\..\web_client\res\villager.png = ..\..\web_client\res\villager.png
		..\..\web_client\res\werewolf.png = ..\..\web_client\res\werewolf.png
		..\..\web_client\res\witch.png = ..\..\web_client\res\witch.png
	EndProjectSection
EndProject
Global
	GlobalSection(SolutionConfigurationPlatforms) = preSolution
		Debug|Any CPU = Debug|Any CPU
		Release|Any CPU = Release|Any CPU
	EndGlobalSection
	GlobalSection(ProjectConfigurationPlatforms) = postSolution
		{988D18ED-EF1A-4406-9615-15E07077B982}.Debug|Any CPU.ActiveCfg = Debug|Any CPU
		{988D18ED-EF1A-4406-9615-15E07077B982}.Debug|Any CPU.Build.0 = Debug|Any CPU
		{988D18ED-EF1A-4406-9615-15E07077B982}.Release|Any CPU.ActiveCfg = Release|Any CPU
		{988D18ED-EF1A-4406-9615-15E07077B982}.Release|Any CPU.Build.0 = Release|Any CPU
	EndGlobalSection
	GlobalSection(SolutionProperties) = preSolution
		HideSolutionNode = FALSE
	EndGlobalSection
EndGlobal
